
Microsoft Visual Studio Solution File, Format Version 12.00
# Visual Studio Version 17
VisualStudioVersion = 17.7.34202.233
MinimumVisualStudioVersion = 10.0.40219.1
Project("{FAE04EC0-301F-11D3-BF4B-00C04F79EFBC}") = "LocadoraApp", "LocadoraApp.csproj", "{0B51188F-F5BA-4DB6-A3BD-CCC4B514AD52}"
EndProject
Global
	GlobalSection(SolutionConfigurationPlatforms) = preSolution
		Debug|Any CPU = Debug|Any CPU
		Release|Any CPU = Release|Any CPU
	EndGlobalSection
	GlobalSection(ProjectConfigurationPlatforms) = postSolution
		{0B51188F-F5BA-4DB6-A3BD-CCC4B514AD52}.Debug|Any CPU.ActiveCfg = Debug|Any CPU
		{0B51188F-F5BA-4DB6-A3BD-CCC4B514AD52}.Debug|Any CPU.Build.0 = Debug|Any CPU
		{0B51188F-F5BA-4DB6-A3BD-CCC4B514AD52}.Release|Any CPU.ActiveCfg = Release|Any CPU
		{0B51188F-F5BA-4DB6-A3BD-CCC4B514AD52}.Release|Any CPU.Build.0 = Release|Any CPU
	EndGlobalSection
	GlobalSection(SolutionProperties) = preSolution
		HideSolutionNode = FALSE
	EndGlobalSection
	GlobalSection(ExtensibilityGlobals) = postSolution
		SolutionGuid = {644F62A6-2D32-4B06-ABDD-94B2F371CBF0}
	EndGlobalSection
EndGlobal
